
Microsoft Visual Studio Solution File, Format Version 12.00
# Visual Studio Version 17
VisualStudioVersion = 17.5.002.0
MinimumVisualStudioVersion = 10.0.40219.1
Project("{9A19103F-16F7-4668-BE54-9A1E7A4F7556}") = "pubsub_C#_subscribe", "pubsub_C#_subscribe.csproj", "{9FF156E8-CFA5-461E-A364-76CF8FE65A0F}"
EndProject
Global
	GlobalSection(SolutionConfigurationPlatforms) = preSolution
		Debug|Any CPU = Debug|Any CPU
		Release|Any CPU = Release|Any CPU
	EndGlobalSection
	GlobalSection(ProjectConfigurationPlatforms) = postSolution
		{9FF156E8-CFA5-461E-A364-76CF8FE65A0F}.Debug|Any CPU.ActiveCfg = Debug|Any CPU
		{9FF156E8-CFA5-461E-A364-76CF8FE65A0F}.Debug|Any CPU.Build.0 = Debug|Any CPU
		{9FF156E8-CFA5-461E-A364-76CF8FE65A0F}.Release|Any CPU.ActiveCfg = Release|Any CPU
		{9FF156E8-CFA5-461E-A364-76CF8FE65A0F}.Release|Any CPU.Build.0 = Release|Any CPU
	EndGlobalSection
	GlobalSection(SolutionProperties) = preSolution
		HideSolutionNode = FALSE
	EndGlobalSection
	GlobalSection(ExtensibilityGlobals) = postSolution
		SolutionGuid = {4D7D1890-3A16-4861-99E9-2D06954EA5C0}
	EndGlobalSection
EndGlobal
